
Microsoft Visual Studio Solution File, Format Version 12.00
# Visual Studio 15
VisualStudioVersion = 15.0.28307.1022
MinimumVisualStudioVersion = 10.0.40219.1
Project("{FAE04EC0-301F-11D3-BF4B-00C04F79EFBC}") = "App01ConsultarCEP.Android", "App01ConsultarCEP\App01ConsultarCEP.Android\App01ConsultarCEP.Android.csproj", "{4F2F0A53-7589-4DA3-B383-9018AB9257EB}"
EndProject
Project("{FAE04EC0-301F-11D3-BF4B-00C04F79EFBC}") = "App01ConsultarCEP.iOS", "App01ConsultarCEP\App01ConsultarCEP.iOS\App01ConsultarCEP.iOS.csproj", "{0F7FD238-8472-4A45-A8D6-E7879043B297}"
EndProject
Project("{FAE04EC0-301F-11D3-BF4B-00C04F79EFBC}") = "App01ConsultarCEP.UWP", "App01ConsultarCEP\App01ConsultarCEP.UWP\App01ConsultarCEP.UWP.csproj", "{EDF1FBFD-76DB-4497-8C9D-9303E40CDCD1}"
EndProject
Project("{FAE04EC0-301F-11D3-BF4B-00C04F79EFBC}") = "App01ConsultarCEP", "App01ConsultarCEP\App01ConsultarCEP\App01ConsultarCEP.csproj", "{AD76FA3E-3317-467B-A31A-58D030185536}"
EndProject
Global
	GlobalSection(SolutionConfigurationPlatforms) = preSolution
		Ad-Hoc|Any CPU = Ad-Hoc|Any CPU
		Ad-Hoc|ARM = Ad-Hoc|ARM
		Ad-Hoc|iPhone = Ad-Hoc|iPhone
		Ad-Hoc|iPhoneSimulator = Ad-Hoc|iPhoneSimulator
		Ad-Hoc|x64 = Ad-Hoc|x64
		Ad-Hoc|x86 = Ad-Hoc|x86
		AppStore|Any CPU = AppStore|Any CPU
		AppStore|ARM = AppStore|ARM
		AppStore|iPhone = AppStore|iPhone
		AppStore|iPhoneSimulator = AppStore|iPhoneSimulator
		AppStore|x64 = AppStore|x64
		AppStore|x86 = AppStore|x86
		Debug|Any CPU = Debug|Any CPU
		Debug|ARM = Debug|ARM
		Debug|iPhone = Debug|iPhone
		Debug|iPhoneSimulator = Debug|iPhoneSimulator
		Debug|x64 = Debug|x64
		Debug|x86 = Debug|x86
		Release|Any CPU = Release|Any CPU
		Release|ARM = Release|ARM
		Release|iPhone = Release|iPhone
		Release|iPhoneSimulator = Release|iPhoneSimulator
		Release|x64 = Release|x64
		Release|x86 = Release|x86
	EndGlobalSection
	GlobalSection(ProjectConfigurationPlatforms) = postSolution
		{4F2F0A53-7589-4DA3-B383-9018AB9257EB}.Ad-Hoc|Any CPU.ActiveCfg = Release|Any CPU
		{4F2F0A53-7589-4DA3-B383-9018AB9257EB}.Ad-Hoc|Any CPU.Build.0 = Release|Any CPU
		{4F2F0A53-7589-4DA3-B383-9018AB9257EB}.Ad-Hoc|Any CPU.Deploy.0 = Release|Any CPU
		{4F2F0A53-7589-4DA3-B383-9018AB9257EB}.Ad-Hoc|ARM.ActiveCfg = Release|Any CPU
		{4F2F0A53-7589-4DA3-B383-9018AB9257EB}.Ad-Hoc|ARM.Build.0 = Release|Any CPU
		{4F2F0A53-7589-4DA3-B383-9018AB9257EB}.Ad-Hoc|ARM.Deploy.0 = Release|Any CPU
		{4F2F0A53-7589-4DA3-B383-9018AB9257EB}.Ad-Hoc|iPhone.ActiveCfg = Release|Any CPU
		{4F2F0A53-7589-4DA3-B383-9018AB9257EB}.Ad-Hoc|iPhone.Build.0 = Release|Any CPU
		{4F2F0A53-7589-4DA3-B383-9018AB9257EB}.Ad-Hoc|iPhone.Deploy.0 = Release|Any CPU
		{4F2F0A53-7589-4DA3-B383-9018AB9257EB}.Ad-Hoc|iPhoneSimulator.ActiveCfg = Release|Any CPU
		{4F2F0A53-7589-4DA3-B383-9018AB9257EB}.Ad-Hoc|iPhoneSimulator.Build.0 = Release|Any CPU
		{4F2F0A53-7589-4DA3-B383-9018AB9257EB}.Ad-Hoc|iPhoneSimulator.Deploy.0 = Release|Any CPU
		{4F2F0A53-7589-4DA3-B383-9018AB9257EB}.Ad-Hoc|x64.ActiveCfg = Release|Any CPU
		{4F2F0A53-7589-4DA3-B383-9018AB9257EB}.Ad-Hoc|x64.Build.0 = Release|Any CPU
		{4F2F0A53-7589-4DA3-B383-9018AB9257EB}.Ad-Hoc|x64.Deploy.0 = Release|Any CPU
		{4F2F0A53-7589-4DA3-B383-9018AB9257EB}.Ad-Hoc|x86.ActiveCfg = Release|Any CPU
		{4F2F0A53-7589-4DA3-B383-9018AB9257EB}.Ad-Hoc|x86.Build.0 = Release|Any CPU
		{4F2F0A53-7589-4DA3-B383-9018AB9257EB}.Ad-Hoc|x86.Deploy.0 = Release|Any CPU
		{4F2F0A53-7589-4DA3-B383-9018AB9257EB}.AppStore|Any CPU.ActiveCfg = Release|Any CPU
		{4F2F0A53-7589-4DA3-B383-9018AB9257EB}.AppStore|Any CPU.Build.0 = Release|Any CPU
		{4F2F0A53-7589-4DA3-B383-9018AB9257EB}.AppStore|Any CPU.Deploy.0 = Release|Any CPU
		{4F2F0A53-7589-4DA3-B383-9018AB9257EB}.AppStore|ARM.ActiveCfg = Release|Any CPU
		{4F2F0A53-7589-4DA3-B383-9018AB9257EB}.AppStore|ARM.Build.0 = Release|Any CPU
		{4F2F0A53-7589-4DA3-B383-9018AB9257EB}.AppStore|ARM.Deploy.0 = Release|Any CPU
		{4F2F0A53-7589-4DA3-B383-9018AB9257EB}.AppStore|iPhone.ActiveCfg = Release|Any CPU
		{4F2F0A53-7589-4DA3-B383-9018AB9257EB}.AppStore|iPhone.Build.0 = Release|Any CPU
		{4F2F0A53-7589-4DA3-B383-9018AB9257EB}.AppStore|iPhone.Deploy.0 = Release|Any CPU
		{4F2F0A53-7589-4DA3-B383-9018AB9257EB}.AppStore|iPhoneSimulator.ActiveCfg = Release|Any CPU
		{4F2F0A53-7589-4DA3-B383-9018AB9257EB}.AppStore|iPhoneSimulator.Build.0 = Release|Any CPU
		{4F2F0A53-7589-4DA3-B383-9018AB9257EB}.AppStore|iPhoneSimulator.Deploy.0 = Release|Any CPU
		{4F2F0A53-7589-4DA3-B383-9018AB9257EB}.AppStore|x64.ActiveCfg = Release|Any CPU
		{4F2F0A53-7589-4DA3-B383-9018AB9257EB}.AppStore|x64.Build.0 = Release|Any CPU
		{4F2F0A53-7589-4DA3-B383-9018AB9257EB}.AppStore|x64.Deploy.0 = Release|Any CPU
		{4F2F0A53-7589-4DA3-B383-9018AB9257EB}.AppStore|x86.ActiveCfg = Release|Any CPU
		{4F2F0A53-7589-4DA3-B383-9018AB9257EB}.AppStore|x86.Build.0 = Release|Any CPU
		{4F2F0A53-7589-4DA3-B383-9018AB9257EB}.AppStore|x86.Deploy.0 = Release|Any CPU
		{4F2F0A53-7589-4DA3-B383-9018AB9257EB}.Debug|Any CPU.ActiveCfg = Debug|Any CPU
		{4F2F0A53-7589-4DA3-B383-9018AB9257EB}.Debug|Any CPU.Build.0 = Debug|Any CPU
		{4F2F0A53-7589-4DA3-B383-9018AB9257EB}.Debug|Any CPU.Deploy.0 = Debug|Any CPU
		{4F2F0A53-7589-4DA3-B383-9018AB9257EB}.Debug|ARM.ActiveCfg = Debug|Any CPU
		{4F2F0A53-7589-4DA3-B383-9018AB9257EB}.Debug|ARM.Build.0 = Debug|Any CPU
		{4F2F0A53-7589-4DA3-B383-9018AB9257EB}.Debug|ARM.Deploy.0 = Debug|Any CPU
		{4F2F0A53-7589-4DA3-B383-9018AB9257EB}.Debug|iPhone.ActiveCfg = Debug|Any CPU
		{4F2F0A53-7589-4DA3-B383-9018AB9257EB}.Debug|iPhone.Build.0 = Debug|Any CPU
		{4F2F0A53-7589-4DA3-B383-9018AB9257EB}.Debug|iPhone.Deploy.0 = Debug|Any CPU
		{4F2F0A53-7589-4DA3-B383-9018AB9257EB}.Debug|iPhoneSimulator.ActiveCfg = Debug|Any CPU
		{4F2F0A53-7589-4DA3-B383-9018AB9257EB}.Debug|iPhoneSimulator.Build.0 = Debug|Any CPU
		{4F2F0A53-7589-4DA3-B383-9018AB9257EB}.Debug|iPhoneSimulator.Deploy.0 = Debug|Any CPU
		{4F2F0A53-7589-4DA3-B383-9018AB9257EB}.Debug|x64.ActiveCfg = Debug|Any CPU
		{4F2F0A53-7589-4DA3-B383-9018AB9257EB}.Debug|x64.Build.0 = Debug|Any CPU
		{4F2F0A53-7589-4DA3-B383-9018AB9257EB}.Debug|x64.Deploy.0 = Debug|Any CPU
		{4F2F0A53-7589-4DA3-B383-9018AB9257EB}.Debug|x86.ActiveCfg = Debug|Any CPU
		{4F2F0A53-7589-4DA3-B383-9018AB9257EB}.Debug|x86.Build.0 = Debug|Any CPU
		{4F2F0A53-7589-4DA3-B383-9018AB9257EB}.Debug|x86.Deploy.0 = Debug|Any CPU
		{4F2F0A53-7589-4DA3-B383-9018AB9257EB}.Release|Any CPU.ActiveCfg = Release|Any CPU
		{4F2F0A53-7589-4DA3-B383-9018AB9257EB}.Release|Any CPU.Build.0 = Release|Any CPU
		{4F2F0A53-7589-4DA3-B383-9018AB9257EB}.Release|Any CPU.Deploy.0 = Release|Any CPU
		{4F2F0A53-7589-4DA3-B383-9018AB9257EB}.Release|ARM.ActiveCfg = Release|Any CPU
		{4F2F0A53-7589-4DA3-B383-9018AB9257EB}.Release|ARM.Build.0 = Release|Any CPU
		{4F2F0A53-7589-4DA3-B383-9018AB9257EB}.Release|ARM.Deploy.0 = Release|Any CPU
		{4F2F0A53-7589-4DA3-B383-9018AB9257EB}.Release|iPhone.ActiveCfg = Release|Any CPU
		{4F2F0A53-7589-4DA3-B383-9018AB9257EB}.Release|iPhone.Build.0 = Release|Any CPU
		{4F2F0A53-7589-4DA3-B383-9018AB9257EB}.Release|iPhone.Deploy.0 = Release|Any CPU
		{4F2F0A53-7589-4DA3-B383-9018AB9257EB}.Release|iPhoneSimulator.ActiveCfg = Release|Any CPU
		{4F2F0A53-7589-4DA3-B383-9018AB9257EB}.Release|iPhoneSimulator.Build.0 = Release|Any CPU
		{4F2F0A53-7589-4DA3-B383-9018AB9257EB}.Release|iPhoneSimulator.Deploy.0 = Release|Any CPU
		{4F2F0A53-7589-4DA3-B383-9018AB9257EB}.Release|x64.ActiveCfg = Release|Any CPU
		{4F2F0A53-7589-4DA3-B383-9018AB9257EB}.Release|x64.Build.0 = Release|Any CPU
		{4F2F0A53-7589-4DA3-B383-9018AB9257EB}.Release|x64.Deploy.0 = Release|Any CPU
		{4F2F0A53-7589-4DA3-B383-9018AB9257EB}.Release|x86.ActiveCfg = Release|Any CPU
		{4F2F0A53-7589-4DA3-B383-9018AB9257EB}.Release|x86.Build.0 = Release|Any CPU
		{4F2F0A53-7589-4DA3-B383-9018AB9257EB}.Release|x86.Deploy.0 = Release|Any CPU
		{0F7FD238-8472-4A45-A8D6-E7879043B297}.Ad-Hoc|Any CPU.ActiveCfg = Ad-Hoc|iPhone
		{0F7FD238-8472-4A45-A8D6-E7879043B297}.Ad-Hoc|Any CPU.Build.0 = Ad-Hoc|iPhone
		{0F7FD238-8472-4A45-A8D6-E7879043B297}.Ad-Hoc|Any CPU.Deploy.0 = Ad-Hoc|iPhone
		{0F7FD238-8472-4A45-A8D6-E7879043B297}.Ad-Hoc|ARM.ActiveCfg = Ad-Hoc|iPhone
		{0F7FD238-8472-4A45-A8D6-E7879043B297}.Ad-Hoc|ARM.Build.0 = Ad-Hoc|iPhone
		{0F7FD238-8472-4A45-A8D6-E7879043B297}.Ad-Hoc|ARM.Deploy.0 = Ad-Hoc|iPhone
		{0F7FD238-8472-4A45-A8D6-E7879043B297}.Ad-Hoc|iPhone.ActiveCfg = Ad-Hoc|iPhone
		{0F7FD238-8472-4A45-A8D6-E7879043B297}.Ad-Hoc|iPhone.Build.0 = Ad-Hoc|iPhone
		{0F7FD238-8472-4A45-A8D6-E7879043B297}.Ad-Hoc|iPhone.Deploy.0 = Ad-Hoc|iPhone
		{0F7FD238-8472-4A45-A8D6-E7879043B297}.Ad-Hoc|iPhoneSimulator.ActiveCfg = Ad-Hoc|iPhoneSimulator
		{0F7FD238-8472-4A45-A8D6-E7879043B297}.Ad-Hoc|iPhoneSimulator.Build.0 = Ad-Hoc|iPhoneSimulator
		{0F7FD238-8472-4A45-A8D6-E7879043B297}.Ad-Hoc|iPhoneSimulator.Deploy.0 = Ad-Hoc|iPhoneSimulator
		{0F7FD238-8472-4A45-A8D6-E7879043B297}.Ad-Hoc|x64.ActiveCfg = Ad-Hoc|iPhone
		{0F7FD238-8472-4A45-A8D6-E7879043B297}.Ad-Hoc|x64.Build.0 = Ad-Hoc|iPhone
		{0F7FD238-8472-4A45-A8D6-E7879043B297}.Ad-Hoc|x64.Deploy.0 = Ad-Hoc|iPhone
		{0F7FD238-8472-4A45-A8D6-E7879043B297}.Ad-Hoc|x86.ActiveCfg = Ad-Hoc|iPhone
		{0F7FD238-8472-4A45-A8D6-E7879043B297}.Ad-Hoc|x86.Build.0 = Ad-Hoc|iPhone
		{0F7FD238-8472-4A45-A8D6-E7879043B297}.Ad-Hoc|x86.Deploy.0 = Ad-Hoc|iPhone
		{0F7FD238-8472-4A45-A8D6-E7879043B297}.AppStore|Any CPU.ActiveCfg = AppStore|iPhone
		{0F7FD238-8472-4A45-A8D6-E7879043B297}.AppStore|Any CPU.Build.0 = AppStore|iPhone
		{0F7FD238-8472-4A45-A8D6-E7879043B297}.AppStore|Any CPU.Deploy.0 = AppStore|iPhone
		{0F7FD238-8472-4A45-A8D6-E7879043B297}.AppStore|ARM.ActiveCfg = AppStore|iPhone
		{0F7FD238-8472-4A45-A8D6-E7879043B297}.AppStore|ARM.Build.0 = AppStore|iPhone
		{0F7FD238-8472-4A45-A8D6-E7879043B297}.AppStore|ARM.Deploy.0 = AppStore|iPhone
		{0F7FD238-8472-4A45-A8D6-E7879043B297}.AppStore|iPhone.ActiveCfg = AppStore|iPhone
		{0F7FD238-8472-4A45-A8D6-E7879043B297}.AppStore|iPhone.Build.0 = AppStore|iPhone
		{0F7FD238-8472-4A45-A8D6-E7879043B297}.AppStore|iPhone.Deploy.0 = AppStore|iPhone
		{0F7FD238-8472-4A45-A8D6-E7879043B297}.AppStore|iPhoneSimulator.ActiveCfg = AppStore|iPhoneSimulator
		{0F7FD238-8472-4A45-A8D6-E7879043B297}.AppStore|iPhoneSimulator.Build.0 = AppStore|iPhoneSimulator
		{0F7FD238-8472-4A45-A8D6-E7879043B297}.AppStore|iPhoneSimulator.Deploy.0 = AppStore|iPhoneSimulator
		{0F7FD238-8472-4A45-A8D6-E7879043B297}.AppStore|x64.ActiveCfg = AppStore|iPhone
		{0F7FD238-8472-4A45-A8D6-E7879043B297}.AppStore|x64.Build.0 = AppStore|iPhone
		{0F7FD238-8472-4A45-A8D6-E7879043B297}.AppStore|x64.Deploy.0 = AppStore|iPhone
		{0F7FD238-8472-4A45-A8D6-E7879043B297}.AppStore|x86.ActiveCfg = AppStore|iPhone
		{0F7FD238-8472-4A45-A8D6-E7879043B297}.AppStore|x86.Build.0 = AppStore|iPhone
		{0F7FD238-8472-4A45-A8D6-E7879043B297}.AppStore|x86.Deploy.0 = AppStore|iPhone
		{0F7FD238-8472-4A45-A8D6-E7879043B297}.Debug|Any CPU.ActiveCfg = Debug|iPhoneSimulator
		{0F7FD238-8472-4A45-A8D6-E7879043B297}.Debug|Any CPU.Build.0 = Debug|iPhoneSimulator
		{0F7FD238-8472-4A45-A8D6-E7879043B297}.Debug|Any CPU.Deploy.0 = Debug|iPhoneSimulator
		{0F7FD238-8472-4A45-A8D6-E7879043B297}.Debug|ARM.ActiveCfg = Debug|iPhone
		{0F7FD238-8472-4A45-A8D6-E7879043B297}.Debug|ARM.Build.0 = Debug|iPhone
		{0F7FD238-8472-4A45-A8D6-E7879043B297}.Debug|ARM.Deploy.0 = Debug|iPhone
		{0F7FD238-8472-4A45-A8D6-E7879043B297}.Debug|iPhone.ActiveCfg = Debug|iPhone
		{0F7FD238-8472-4A45-A8D6-E7879043B297}.Debug|iPhone.Build.0 = Debug|iPhone
		{0F7FD238-8472-4A45-A8D6-E7879043B297}.Debug|iPhone.Deploy.0 = Debug|iPhone
		{0F7FD238-8472-4A45-A8D6-E7879043B297}.Debug|iPhoneSimulator.ActiveCfg = Debug|iPhoneSimulator
		{0F7FD238-8472-4A45-A8D6-E7879043B297}.Debug|iPhoneSimulator.Build.0 = Debug|iPhoneSimulator
		{0F7FD238-8472-4A45-A8D6-E7879043B297}.Debug|iPhoneSimulator.Deploy.0 = Debug|iPhoneSimulator
		{0F7FD238-8472-4A45-A8D6-E7879043B297}.Debug|x64.ActiveCfg = Debug|iPhone
		{0F7FD238-8472-4A45-A8D6-E7879043B297}.Debug|x64.Build.0 = Debug|iPhone
		{0F7FD238-8472-4A45-A8D6-E7879043B297}.Debug|x64.Deploy.0 = Debug|iPhone
		{0F7FD238-8472-4A45-A8D6-E7879043B297}.Debug|x86.ActiveCfg = Debug|iPhone
		{0F7FD238-8472-4A45-A8D6-E7879043B297}.Debug|x86.Build.0 = Debug|iPhone
		{0F7FD238-8472-4A45-A8D6-E7879043B297}.Debug|x86.Deploy.0 = Debug|iPhone
		{0F7FD238-8472-4A45-A8D6-E7879043B297}.Release|Any CPU.ActiveCfg = Release|iPhone
		{0F7FD238-8472-4A45-A8D6-E7879043B297}.Release|Any CPU.Build.0 = Release|iPhone
		{0F7FD238-8472-4A45-A8D6-E7879043B297}.Release|Any CPU.Deploy.0 = Release|iPhone
		{0F7FD238-8472-4A45-A8D6-E7879043B297}.Release|ARM.ActiveCfg = Release|iPhone
		{0F7FD238-8472-4A45-A8D6-E7879043B297}.Release|ARM.Build.0 = Release|iPhone
		{0F7FD238-8472-4A45-A8D6-E7879043B297}.Release|ARM.Deploy.0 = Release|iPhone
		{0F7FD238-8472-4A45-A8D6-E7879043B297}.Release|iPhone.ActiveCfg = Release|iPhone
		{0F7FD238-8472-4A45-A8D6-E7879043B297}.Release|iPhone.Build.0 = Release|iPhone
		{0F7FD238-8472-4A45-A8D6-E7879043B297}.Release|iPhone.Deploy.0 = Release|iPhone
		{0F7FD238-8472-4A45-A8D6-E7879043B297}.Release|iPhoneSimulator.ActiveCfg = Release|iPhoneSimulator
		{0F7FD238-8472-4A45-A8D6-E7879043B297}.Release|iPhoneSimulator.Build.0 = Release|iPhoneSimulator
		{0F7FD238-8472-4A45-A8D6-E7879043B297}.Release|iPhoneSimulator.Deploy.0 = Release|iPhoneSimulator
		{0F7FD238-8472-4A45-A8D6-E7879043B297}.Release|x64.ActiveCfg = Release|iPhone
		{0F7FD238-8472-4A45-A8D6-E7879043B297}.Release|x64.Build.0 = Release|iPhone
		{0F7FD238-8472-4A45-A8D6-E7879043B297}.Release|x64.Deploy.0 = Release|iPhone
		{0F7FD238-8472-4A45-A8D6-E7879043B297}.Release|x86.ActiveCfg = Release|iPhone
		{0F7FD238-8472-4A45-A8D6-E7879043B297}.Release|x86.Build.0 = Release|iPhone
		{0F7FD238-8472-4A45-A8D6-E7879043B297}.Release|x86.Deploy.0 = Release|iPhone
		{EDF1FBFD-76DB-4497-8C9D-9303E40CDCD1}.Ad-Hoc|Any CPU.ActiveCfg = Release|x86
		{EDF1FBFD-76DB-4497-8C9D-9303E40CDCD1}.Ad-Hoc|Any CPU.Build.0 = Release|x86
		{EDF1FBFD-76DB-4497-8C9D-9303E40CDCD1}.Ad-Hoc|Any CPU.Deploy.0 = Release|x86
		{EDF1FBFD-76DB-4497-8C9D-9303E40CDCD1}.Ad-Hoc|ARM.ActiveCfg = Release|ARM
		{EDF1FBFD-76DB-4497-8C9D-9303E40CDCD1}.Ad-Hoc|ARM.Build.0 = Release|ARM
		{EDF1FBFD-76DB-4497-8C9D-9303E40CDCD1}.Ad-Hoc|ARM.Deploy.0 = Release|ARM
		{EDF1FBFD-76DB-4497-8C9D-9303E40CDCD1}.Ad-Hoc|iPhone.ActiveCfg = Release|x86
		{EDF1FBFD-76DB-4497-8C9D-9303E40CDCD1}.Ad-Hoc|iPhone.Build.0 = Release|x86
		{EDF1FBFD-76DB-4497-8C9D-9303E40CDCD1}.Ad-Hoc|iPhone.Deploy.0 = Release|x86
		{EDF1FBFD-76DB-4497-8C9D-9303E40CDCD1}.Ad-Hoc|iPhoneSimulator.ActiveCfg = Release|x86
		{EDF1FBFD-76DB-4497-8C9D-9303E40CDCD1}.Ad-Hoc|iPhoneSimulator.Build.0 = Release|x86
		{EDF1FBFD-76DB-4497-8C9D-9303E40CDCD1}.Ad-Hoc|iPhoneSimulator.Deploy.0 = Release|x86
		{EDF1FBFD-76DB-4497-8C9D-9303E40CDCD1}.Ad-Hoc|x64.ActiveCfg = Release|x64
		{EDF1FBFD-76DB-4497-8C9D-9303E40CDCD1}.Ad-Hoc|x64.Build.0 = Release|x64
		{EDF1FBFD-76DB-4497-8C9D-9303E40CDCD1}.Ad-Hoc|x64.Deploy.0 = Release|x64
		{EDF1FBFD-76DB-4497-8C9D-9303E40CDCD1}.Ad-Hoc|x86.ActiveCfg = Release|x86
		{EDF1FBFD-76DB-4497-8C9D-9303E40CDCD1}.Ad-Hoc|x86.Build.0 = Release|x86
		{EDF1FBFD-76DB-4497-8C9D-9303E40CDCD1}.Ad-Hoc|x86.Deploy.0 = Release|x86
		{EDF1FBFD-76DB-4497-8C9D-9303E40CDCD1}.AppStore|Any CPU.ActiveCfg = Release|x86
		{EDF1FBFD-76DB-4497-8C9D-9303E40CDCD1}.AppStore|Any CPU.Build.0 = Release|x86
		{EDF1FBFD-76DB-4497-8C9D-9303E40CDCD1}.AppStore|Any CPU.Deploy.0 = Release|x86
		{EDF1FBFD-76DB-4497-8C9D-9303E40CDCD1}.AppStore|ARM.ActiveCfg = Release|ARM
		{EDF1FBFD-76DB-4497-8C9D-9303E40CDCD1}.AppStore|ARM.Build.0 = Release|ARM
		{EDF1FBFD-76DB-4497-8C9D-9303E40CDCD1}.AppStore|ARM.Deploy.0 = Release|ARM
		{EDF1FBFD-76DB-4497-8C9D-9303E40CDCD1}.AppStore|iPhone.ActiveCfg = Release|x86
		{EDF1FBFD-76DB-4497-8C9D-9303E40CDCD1}.AppStore|iPhone.Build.0 = Release|x86
		{EDF1FBFD-76DB-4497-8C9D-9303E40CDCD1}.AppStore|iPhone.Deploy.0 = Release|x86
		{EDF1FBFD-76DB-4497-8C9D-9303E40CDCD1}.AppStore|iPhoneSimulator.ActiveCfg = Release|x86
		{EDF1FBFD-76DB-4497-8C9D-9303E40CDCD1}.AppStore|iPhoneSimulator.Build.0 = Release|x86
		{EDF1FBFD-76DB-4497-8C9D-9303E40CDCD1}.AppStore|iPhoneSimulator.Deploy.0 = Release|x86
		{EDF1FBFD-76DB-4497-8C9D-9303E40CDCD1}.AppStore|x64.ActiveCfg = Release|x64
		{EDF1FBFD-76DB-4497-8C9D-9303E40CDCD1}.AppStore|x64.Build.0 = Release|x64
		{EDF1FBFD-76DB-4497-8C9D-9303E40CDCD1}.AppStore|x64.Deploy.0 = Release|x64
		{EDF1FBFD-76DB-4497-8C9D-9303E40CDCD1}.AppStore|x86.ActiveCfg = Release|x86
		{EDF1FBFD-76DB-4497-8C9D-9303E40CDCD1}.AppStore|x86.Build.0 = Release|x86
		{EDF1FBFD-76DB-4497-8C9D-9303E40CDCD1}.AppStore|x86.Deploy.0 = Release|x86
		{EDF1FBFD-76DB-4497-8C9D-9303E40CDCD1}.Debug|Any CPU.ActiveCfg = Debug|x86
		{EDF1FBFD-76DB-4497-8C9D-9303E40CDCD1}.Debug|Any CPU.Build.0 = Debug|x86
		{EDF1FBFD-76DB-4497-8C9D-9303E40CDCD1}.Debug|Any CPU.Deploy.0 = Debug|x86
		{EDF1FBFD-76DB-4497-8C9D-9303E40CDCD1}.Debug|ARM.ActiveCfg = Debug|ARM
		{EDF1FBFD-76DB-4497-8C9D-9303E40CDCD1}.Debug|ARM.Build.0 = Debug|ARM
		{EDF1FBFD-76DB-4497-8C9D-9303E40CDCD1}.Debug|ARM.Deploy.0 = Debug|ARM
		{EDF1FBFD-76DB-4497-8C9D-9303E40CDCD1}.Debug|iPhone.ActiveCfg = Debug|x86
		{EDF1FBFD-76DB-4497-8C9D-9303E40CDCD1}.Debug|iPhone.Build.0 = Debug|x86
		{EDF1FBFD-76DB-4497-8C9D-9303E40CDCD1}.Debug|iPhone.Deploy.0 = Debug|x86
		{EDF1FBFD-76DB-4497-8C9D-9303E40CDCD1}.Debug|iPhoneSimulator.ActiveCfg = Debug|x86
		{EDF1FBFD-76DB-4497-8C9D-9303E40CDCD1}.Debug|iPhoneSimulator.Build.0 = Debug|x86
		{EDF1FBFD-76DB-4497-8C9D-9303E40CDCD1}.Debug|iPhoneSimulator.Deploy.0 = Debug|x86
		{EDF1FBFD-76DB-4497-8C9D-9303E40CDCD1}.Debug|x64.ActiveCfg = Debug|x64
		{EDF1FBFD-76DB-4497-8C9D-9303E40CDCD1}.Debug|x64.Build.0 = Debug|x64
		{EDF1FBFD-76DB-4497-8C9D-9303E40CDCD1}.Debug|x64.Deploy.0 = Debug|x64
		{EDF1FBFD-76DB-4497-8C9D-9303E40CDCD1}.Debug|x86.ActiveCfg = Debug|x86
		{EDF1FBFD-76DB-4497-8C9D-9303E40CDCD1}.Debug|x86.Build.0 = Debug|x86
		{EDF1FBFD-76DB-4497-8C9D-9303E40CDCD1}.Debug|x86.Deploy.0 = Debug|x86
		{EDF1FBFD-76DB-4497-8C9D-9303E40CDCD1}.Release|Any CPU.ActiveCfg = Release|x86
		{EDF1FBFD-76DB-4497-8C9D-9303E40CDCD1}.Release|Any CPU.Build.0 = Release|x86
		{EDF1FBFD-76DB-4497-8C9D-9303E40CDCD1}.Release|Any CPU.Deploy.0 = Release|x86
		{EDF1FBFD-76DB-4497-8C9D-9303E40CDCD1}.Release|ARM.ActiveCfg = Release|ARM
		{EDF1FBFD-76DB-4497-8C9D-9303E40CDCD1}.Release|ARM.Build.0 = Release|ARM
		{EDF1FBFD-76DB-4497-8C9D-9303E40CDCD1}.Release|ARM.Deploy.0 = Release|ARM
		{EDF1FBFD-76DB-4497-8C9D-9303E40CDCD1}.Release|iPhone.ActiveCfg = Release|x86
		{EDF1FBFD-76DB-4497-8C9D-9303E40CDCD1}.Release|iPhone.Build.0 = Release|x86
		{EDF1FBFD-76DB-4497-8C9D-9303E40CDCD1}.Release|iPhone.Deploy.0 = Release|x86
		{EDF1FBFD-76DB-4497-8C9D-9303E40CDCD1}.Release|iPhoneSimulator.ActiveCfg = Release|x86
		{EDF1FBFD-76DB-4497-8C9D-9303E40CDCD1}.Release|iPhoneSimulator.Build.0 = Release|x86
		{EDF1FBFD-76DB-4497-8C9D-9303E40CDCD1}.Release|iPhoneSimulator.Deploy.0 = Release|x86
		{EDF1FBFD-76DB-4497-8C9D-9303E40CDCD1}.Release|x64.ActiveCfg = Release|x64
		{EDF1FBFD-76DB-4497-8C9D-9303E40CDCD1}.Release|x64.Build.0 = Release|x64
		{EDF1FBFD-76DB-4497-8C9D-9303E40CDCD1}.Release|x64.Deploy.0 = Release|x64
		{EDF1FBFD-76DB-4497-8C9D-9303E40CDCD1}.Release|x86.ActiveCfg = Release|x86
		{EDF1FBFD-76DB-4497-8C9D-9303E40CDCD1}.Release|x86.Build.0 = Release|x86
		{EDF1FBFD-76DB-4497-8C9D-9303E40CDCD1}.Release|x86.Deploy.0 = Release|x86
		{AD76FA3E-3317-467B-A31A-58D030185536}.Ad-Hoc|Any CPU.ActiveCfg = Debug|Any CPU
		{AD76FA3E-3317-467B-A31A-58D030185536}.Ad-Hoc|Any CPU.Build.0 = Debug|Any CPU
		{AD76FA3E-3317-467B-A31A-58D030185536}.Ad-Hoc|Any CPU.Deploy.0 = Debug|Any CPU
		{AD76FA3E-3317-467B-A31A-58D030185536}.Ad-Hoc|ARM.ActiveCfg = Debug|Any CPU
		{AD76FA3E-3317-467B-A31A-58D030185536}.Ad-Hoc|ARM.Build.0 = Debug|Any CPU
		{AD76FA3E-3317-467B-A31A-58D030185536}.Ad-Hoc|ARM.Deploy.0 = Debug|Any CPU
		{AD76FA3E-3317-467B-A31A-58D030185536}.Ad-Hoc|iPhone.ActiveCfg = Debug|Any CPU
		{AD76FA3E-3317-467B-A31A-58D030185536}.Ad-Hoc|iPhone.Build.0 = Debug|Any CPU
		{AD76FA3E-3317-467B-A31A-58D030185536}.Ad-Hoc|iPhone.Deploy.0 = Debug|Any CPU
		{AD76FA3E-3317-467B-A31A-58D030185536}.Ad-Hoc|iPhoneSimulator.ActiveCfg = Debug|Any CPU
		{AD76FA3E-3317-467B-A31A-58D030185536}.Ad-Hoc|iPhoneSimulator.Build.0 = Debug|Any CPU
		{AD76FA3E-3317-467B-A31A-58D030185536}.Ad-Hoc|iPhoneSimulator.Deploy.0 = Debug|Any CPU
		{AD76FA3E-3317-467B-A31A-58D030185536}.Ad-Hoc|x64.ActiveCfg = Debug|Any CPU
		{AD76FA3E-3317-467B-A31A-58D030185536}.Ad-Hoc|x64.Build.0 = Debug|Any CPU
		{AD76FA3E-3317-467B-A31A-58D030185536}.Ad-Hoc|x64.Deploy.0 = Debug|Any CPU
		{AD76FA3E-3317-467B-A31A-58D030185536}.Ad-Hoc|x86.ActiveCfg = Debug|Any CPU
		{AD76FA3E-3317-467B-A31A-58D030185536}.Ad-Hoc|x86.Build.0 = Debug|Any CPU
		{AD76FA3E-3317-467B-A31A-58D030185536}.Ad-Hoc|x86.Deploy.0 = Debug|Any CPU
		{AD76FA3E-3317-467B-A31A-58D030185536}.AppStore|Any CPU.ActiveCfg = Debug|Any CPU
		{AD76FA3E-3317-467B-A31A-58D030185536}.AppStore|Any CPU.Build.0 = Debug|Any CPU
		{AD76FA3E-3317-467B-A31A-58D030185536}.AppStore|Any CPU.Deploy.0 = Debug|Any CPU
		{AD76FA3E-3317-467B-A31A-58D030185536}.AppStore|ARM.ActiveCfg = Debug|Any CPU
		{AD76FA3E-3317-467B-A31A-58D030185536}.AppStore|ARM.Build.0 = Debug|Any CPU
		{AD76FA3E-3317-467B-A31A-58D030185536}.AppStore|ARM.Deploy.0 = Debug|Any CPU
		{AD76FA3E-3317-467B-A31A-58D030185536}.AppStore|iPhone.ActiveCfg = Debug|Any CPU
		{AD76FA3E-3317-467B-A31A-58D030185536}.AppStore|iPhone.Build.0 = Debug|Any CPU
		{AD76FA3E-3317-467B-A31A-58D030185536}.AppStore|iPhone.Deploy.0 = Debug|Any CPU
		{AD76FA3E-3317-467B-A31A-58D030185536}.AppStore|iPhoneSimulator.ActiveCfg = Debug|Any CPU
		{AD76FA3E-3317-467B-A31A-58D030185536}.AppStore|iPhoneSimulator.Build.0 = Debug|Any CPU
		{AD76FA3E-3317-467B-A31A-58D030185536}.AppStore|iPhoneSimulator.Deploy.0 = Debug|Any CPU
		{AD76FA3E-3317-467B-A31A-58D030185536}.AppStore|x64.ActiveCfg = Debug|Any CPU
		{AD76FA3E-3317-467B-A31A-58D030185536}.AppStore|x64.Build.0 = Debug|Any CPU
		{AD76FA3E-3317-467B-A31A-58D030185536}.AppStore|x64.Deploy.0 = Debug|Any CPU
		{AD76FA3E-3317-467B-A31A-58D030185536}.AppStore|x86.ActiveCfg = Debug|Any CPU
		{AD76FA3E-3317-467B-A31A-58D030185536}.AppStore|x86.Build.0 = Debug|Any CPU
		{AD76FA3E-3317-467B-A31A-58D030185536}.AppStore|x86.Deploy.0 = Debug|Any CPU
		{AD76FA3E-3317-467B-A31A-58D030185536}.Debug|Any CPU.ActiveCfg = Debug|Any CPU
		{AD76FA3E-3317-467B-A31A-58D030185536}.Debug|Any CPU.Build.0 = Debug|Any CPU
		{AD76FA3E-3317-467B-A31A-58D030185536}.Debug|Any CPU.Deploy.0 = Debug|Any CPU
		{AD76FA3E-3317-467B-A31A-58D030185536}.Debug|ARM.ActiveCfg = Debug|Any CPU
		{AD76FA3E-3317-467B-A31A-58D030185536}.Debug|ARM.Build.0 = Debug|Any CPU
		{AD76FA3E-3317-467B-A31A-58D030185536}.Debug|ARM.Deploy.0 = Debug|Any CPU
		{AD76FA3E-3317-467B-A31A-58D030185536}.Debug|iPhone.ActiveCfg = Debug|Any CPU
		{AD76FA3E-3317-467B-A31A-58D030185536}.Debug|iPhone.Build.0 = Debug|Any CPU
		{AD76FA3E-3317-467B-A31A-58D030185536}.Debug|iPhone.Deploy.0 = Debug|Any CPU
		{AD76FA3E-3317-467B-A31A-58D030185536}.Debug|iPhoneSimulator.ActiveCfg = Debug|Any CPU
		{AD76FA3E-3317-467B-A31A-58D030185536}.Debug|iPhoneSimulator.Build.0 = Debug|Any CPU
		{AD76FA3E-3317-467B-A31A-58D030185536}.Debug|iPhoneSimulator.Deploy.0 = Debug|Any CPU
		{AD76FA3E-3317-467B-A31A-58D030185536}.Debug|x64.ActiveCfg = Debug|Any CPU
		{AD76FA3E-3317-467B-A31A-58D030185536}.Debug|x64.Build.0 = Debug|Any CPU
		{AD76FA3E-3317-467B-A31A-58D030185536}.Debug|x64.Deploy.0 = Debug|Any CPU
		{AD76FA3E-3317-467B-A31A-58D030185536}.Debug|x86.ActiveCfg = Debug|Any CPU
		{AD76FA3E-3317-467B-A31A-58D030185536}.Debug|x86.Build.0 = Debug|Any CPU
		{AD76FA3E-3317-467B-A31A-58D030185536}.Debug|x86.Deploy.0 = Debug|Any CPU
		{AD76FA3E-3317-467B-A31A-58D030185536}.Release|Any CPU.ActiveCfg = Release|Any CPU
		{AD76FA3E-3317-467B-A31A-58D030185536}.Release|Any CPU.Build.0 = Release|Any CPU
		{AD76FA3E-3317-467B-A31A-58D030185536}.Release|Any CPU.Deploy.0 = Release|Any CPU
		{AD76FA3E-3317-467B-A31A-58D030185536}.Release|ARM.ActiveCfg = Release|Any CPU
		{AD76FA3E-3317-467B-A31A-58D030185536}.Release|ARM.Build.0 = Release|Any CPU
		{AD76FA3E-3317-467B-A31A-58D030185536}.Release|ARM.Deploy.0 = Release|Any CPU
		{AD76FA3E-3317-467B-A31A-58D030185536}.Release|iPhone.ActiveCfg = Release|Any CPU
		{AD76FA3E-3317-467B-A31A-58D030185536}.Release|iPhone.Build.0 = Release|Any CPU
		{AD76FA3E-3317-467B-A31A-58D030185536}.Release|iPhone.Deploy.0 = Release|Any CPU
		{AD76FA3E-3317-467B-A31A-58D030185536}.Release|iPhoneSimulator.ActiveCfg = Release|Any CPU
		{AD76FA3E-3317-467B-A31A-58D030185536}.Release|iPhoneSimulator.Build.0 = Release|Any CPU
		{AD76FA3E-3317-467B-A31A-58D030185536}.Release|iPhoneSimulator.Deploy.0 = Release|Any CPU
		{AD76FA3E-3317-467B-A31A-58D030185536}.Release|x64.ActiveCfg = Release|Any CPU
		{AD76FA3E-3317-467B-A31A-58D030185536}.Release|x64.Build.0 = Release|Any CPU
		{AD76FA3E-3317-467B-A31A-58D030185536}.Release|x64.Deploy.0 = Release|Any CPU
		{AD76FA3E-3317-467B-A31A-58D030185536}.Release|x86.ActiveCfg = Release|Any CPU
		{AD76FA3E-3317-467B-A31A-58D030185536}.Release|x86.Build.0 = Release|Any CPU
		{AD76FA3E-3317-467B-A31A-58D030185536}.Release|x86.Deploy.0 = Release|Any CPU
	EndGlobalSection
	GlobalSection(SolutionProperties) = preSolution
		HideSolutionNode = FALSE
	EndGlobalSection
	GlobalSection(ExtensibilityGlobals) = postSolution
		SolutionGuid = {DB3DC793-608B-4D1E-AAB2-5ED9176DD370}
	EndGlobalSection
EndGlobal
